
Microsoft Visual Studio Solution File, Format Version 12.00
# Visual Studio Version 16
VisualStudioVersion = 16.0.30330.147
MinimumVisualStudioVersion = 10.0.40219.1
Project("{8BC9CEB8-8B4A-11D0-8D11-00A0C91BC942}") = "UserInterface", "UserInterface\UserInterface.vcxproj", "{B1BB830C-91F3-4A50-9F30-0AA9B4C2B5C7}"
EndProject
Project("{8BC9CEB8-8B4A-11D0-8D11-00A0C91BC942}") = "ControlsLibrary", "ControlsLibrary\ControlsLibrary.vcxproj", "{0CEFC7A7-5201-4B28-8C1B-1224BBF97C6E}"
EndProject
Project("{8BC9CEB8-8B4A-11D0-8D11-00A0C91BC942}") = "DataManager", "DataManager\DataManager.vcxproj", "{5958D15B-8874-4675-B45B-0AF6F6B60B4C}"
EndProject
Global
	GlobalSection(SolutionConfigurationPlatforms) = preSolution
		Debug|x64 = Debug|x64
		Debug|x86 = Debug|x86
		Release|x64 = Release|x64
		Release|x86 = Release|x86
	EndGlobalSection
	GlobalSection(ProjectConfigurationPlatforms) = postSolution
		{B1BB830C-91F3-4A50-9F30-0AA9B4C2B5C7}.Debug|x64.ActiveCfg = Debug|x64
		{B1BB830C-91F3-4A50-9F30-0AA9B4C2B5C7}.Debug|x64.Build.0 = Debug|x64
		{B1BB830C-91F3-4A50-9F30-0AA9B4C2B5C7}.Debug|x86.ActiveCfg = Debug|Win32
		{B1BB830C-91F3-4A50-9F30-0AA9B4C2B5C7}.Debug|x86.Build.0 = Debug|Win32
		{B1BB830C-91F3-4A50-9F30-0AA9B4C2B5C7}.Release|x64.ActiveCfg = Release|x64
		{B1BB830C-91F3-4A50-9F30-0AA9B4C2B5C7}.Release|x64.Build.0 = Release|x64
		{B1BB830C-91F3-4A50-9F30-0AA9B4C2B5C7}.Release|x86.ActiveCfg = Release|Win32
		{B1BB830C-91F3-4A50-9F30-0AA9B4C2B5C7}.Release|x86.Build.0 = Release|Win32
		{0CEFC7A7-5201-4B28-8C1B-1224BBF97C6E}.Debug|x64.ActiveCfg = Debug|x64
		{0CEFC7A7-5201-4B28-8C1B-1224BBF97C6E}.Debug|x64.Build.0 = Debug|x64
		{0CEFC7A7-5201-4B28-8C1B-1224BBF97C6E}.Debug|x86.ActiveCfg = Debug|Win32
		{0CEFC7A7-5201-4B28-8C1B-1224BBF97C6E}.Debug|x86.Build.0 = Debug|Win32
		{0CEFC7A7-5201-4B28-8C1B-1224BBF97C6E}.Release|x64.ActiveCfg = Release|x64
		{0CEFC7A7-5201-4B28-8C1B-1224BBF97C6E}.Release|x64.Build.0 = Release|x64
		{0CEFC7A7-5201-4B28-8C1B-1224BBF97C6E}.Release|x86.ActiveCfg = Release|Win32
		{0CEFC7A7-5201-4B28-8C1B-1224BBF97C6E}.Release|x86.Build.0 = Release|Win32
		{5958D15B-8874-4675-B45B-0AF6F6B60B4C}.Debug|x64.ActiveCfg = Debug|x64
		{5958D15B-8874-4675-B45B-0AF6F6B60B4C}.Debug|x64.Build.0 = Debug|x64
		{5958D15B-8874-4675-B45B-0AF6F6B60B4C}.Debug|x86.ActiveCfg = Debug|Win32
		{5958D15B-8874-4675-B45B-0AF6F6B60B4C}.Debug|x86.Build.0 = Debug|Win32
		{5958D15B-8874-4675-B45B-0AF6F6B60B4C}.Release|x64.ActiveCfg = Release|x64
		{5958D15B-8874-4675-B45B-0AF6F6B60B4C}.Release|x64.Build.0 = Release|x64
		{5958D15B-8874-4675-B45B-0AF6F6B60B4C}.Release|x86.ActiveCfg = Release|Win32
		{5958D15B-8874-4675-B45B-0AF6F6B60B4C}.Release|x86.Build.0 = Release|Win32
	EndGlobalSection
	GlobalSection(SolutionProperties) = preSolution
		HideSolutionNode = FALSE
	EndGlobalSection
	GlobalSection(ExtensibilityGlobals) = postSolution
		SolutionGuid = {A674AF3B-FD14-4E04-B585-727C04486FED}
	EndGlobalSection
EndGlobal
